 HEAD
Microsoft Visual Studio Solution File, Format Version 12.00
# Visual Studio Version 17
VisualStudioVersion = 17.5.2.0
MinimumVisualStudioVersion = 10.0.40219.1
Project("{FAE04EC0-301F-11D3-BF4B-00C04F79EFBC}") = "HW4Project", "HW4Project.csproj", "{AAADA1E3-A0AE-BE60-4E98-C1AB37A234F2}"
EndProject
Global
	GlobalSection(SolutionConfigurationPlatforms) = preSolution
		Debug|Any CPU = Debug|Any CPU
		Release|Any CPU = Release|Any CPU
	EndGlobalSection
	GlobalSection(ProjectConfigurationPlatforms) = postSolution
		{AAADA1E3-A0AE-BE60-4E98-C1AB37A234F2}.Debug|Any CPU.ActiveCfg = Debug|Any CPU
		{AAADA1E3-A0AE-BE60-4E98-C1AB37A234F2}.Debug|Any CPU.Build.0 = Debug|Any CPU
		{AAADA1E3-A0AE-BE60-4E98-C1AB37A234F2}.Release|Any CPU.ActiveCfg = Release|Any CPU
		{AAADA1E3-A0AE-BE60-4E98-C1AB37A234F2}.Release|Any CPU.Build.0 = Release|Any CPU
	EndGlobalSection
	GlobalSection(SolutionProperties) = preSolution
		HideSolutionNode = FALSE
	EndGlobalSection
	GlobalSection(ExtensibilityGlobals) = postSolution
		SolutionGuid = {B74F0C06-59DB-4BF0-A50D-E31640525BBF}
	EndGlobalSection
EndGlobal
origin/main
